
Microsoft Visual Studio Solution File, Format Version 12.00
# Visual Studio 2012
Project("{FAE04EC0-301F-11D3-BF4B-00C04F79EFBC}") = "Mono", "..\Mono\Mono.csproj", "{7914C26C-7901-4CE4-97BB-CEFA57553605}"
EndProject
Project("{FAE04EC0-301F-11D3-BF4B-00C04F79EFBC}") = "Jisons", "..\JiHelper\Jisons.csproj", "{50FC7C76-8936-46E8-9B30-17A13CABC751}"
EndProject
Global
	GlobalSection(SolutionConfigurationPlatforms) = preSolution
		Debug|Any CPU = Debug|Any CPU
		Debug|Mixed Platforms = Debug|Mixed Platforms
		Debug|x86 = Debug|x86
		Release|Any CPU = Release|Any CPU
		Release|Mixed Platforms = Release|Mixed Platforms
		Release|x86 = Release|x86
	EndGlobalSection
	GlobalSection(ProjectConfigurationPlatforms) = postSolution
		{7914C26C-7901-4CE4-97BB-CEFA57553605}.Debug|Any CPU.ActiveCfg = Debug|Any CPU
		{7914C26C-7901-4CE4-97BB-CEFA57553605}.Debug|Any CPU.Build.0 = Debug|Any CPU
		{7914C26C-7901-4CE4-97BB-CEFA57553605}.Debug|Mixed Platforms.ActiveCfg = Debug|Any CPU
		{7914C26C-7901-4CE4-97BB-CEFA57553605}.Debug|Mixed Platforms.Build.0 = Debug|Any CPU
		{7914C26C-7901-4CE4-97BB-CEFA57553605}.Debug|x86.ActiveCfg = Debug|Any CPU
		{7914C26C-7901-4CE4-97BB-CEFA57553605}.Release|Any CPU.ActiveCfg = Release|Any CPU
		{7914C26C-7901-4CE4-97BB-CEFA57553605}.Release|Any CPU.Build.0 = Release|Any CPU
		{7914C26C-7901-4CE4-97BB-CEFA57553605}.Release|Mixed Platforms.ActiveCfg = Release|Any CPU
		{7914C26C-7901-4CE4-97BB-CEFA57553605}.Release|Mixed Platforms.Build.0 = Release|Any CPU
		{7914C26C-7901-4CE4-97BB-CEFA57553605}.Release|x86.ActiveCfg = Release|Any CPU
		{50FC7C76-8936-46E8-9B30-17A13CABC751}.Debug|Any CPU.ActiveCfg = Debug|Any CPU
		{50FC7C76-8936-46E8-9B30-17A13CABC751}.Debug|Any CPU.Build.0 = Debug|Any CPU
		{50FC7C76-8936-46E8-9B30-17A13CABC751}.Debug|Mixed Platforms.ActiveCfg = Debug|x86
		{50FC7C76-8936-46E8-9B30-17A13CABC751}.Debug|Mixed Platforms.Build.0 = Debug|x86
		{50FC7C76-8936-46E8-9B30-17A13CABC751}.Debug|x86.ActiveCfg = Debug|x86
		{50FC7C76-8936-46E8-9B30-17A13CABC751}.Debug|x86.Build.0 = Debug|x86
		{50FC7C76-8936-46E8-9B30-17A13CABC751}.Release|Any CPU.ActiveCfg = Release|Any CPU
		{50FC7C76-8936-46E8-9B30-17A13CABC751}.Release|Any CPU.Build.0 = Release|Any CPU
		{50FC7C76-8936-46E8-9B30-17A13CABC751}.Release|Mixed Platforms.ActiveCfg = Release|x86
		{50FC7C76-8936-46E8-9B30-17A13CABC751}.Release|Mixed Platforms.Build.0 = Release|x86
		{50FC7C76-8936-46E8-9B30-17A13CABC751}.Release|x86.ActiveCfg = Release|x86
		{50FC7C76-8936-46E8-9B30-17A13CABC751}.Release|x86.Build.0 = Release|x86
	EndGlobalSection
	GlobalSection(SolutionProperties) = preSolution
		HideSolutionNode = FALSE
	EndGlobalSection
EndGlobal
