
Microsoft Visual Studio Solution File, Format Version 11.00
# Visual Studio 2010
Project("{FAE04EC0-301F-11D3-BF4B-00C04F79EFBC}") = "ICESetting", "ICESetting.csproj", "{FDC6EADA-850C-41E2-AE89-18B106E5A15E}"
EndProject
Global
	GlobalSection(SolutionConfigurationPlatforms) = preSolution
		Debug|Any CPU = Debug|Any CPU
		Release|Any CPU = Release|Any CPU
	EndGlobalSection
	GlobalSection(ProjectConfigurationPlatforms) = postSolution
		{FDC6EADA-850C-41E2-AE89-18B106E5A15E}.Debug|Any CPU.ActiveCfg = Debug|Any CPU
		{FDC6EADA-850C-41E2-AE89-18B106E5A15E}.Debug|Any CPU.Build.0 = Debug|Any CPU
		{FDC6EADA-850C-41E2-AE89-18B106E5A15E}.Release|Any CPU.ActiveCfg = Release|Any CPU
		{FDC6EADA-850C-41E2-AE89-18B106E5A15E}.Release|Any CPU.Build.0 = Release|Any CPU
	EndGlobalSection
	GlobalSection(SolutionProperties) = preSolution
		HideSolutionNode = FALSE
	EndGlobalSection
EndGlobal
